{
  "lockfileVersion": 1,
  "configVersion": 1,
  "workspaces": {
    "": {
      "name": "dial-up-dino.github.io",
      "dependencies": {
        "@thi.ng/hiccup": "^5.3.36",
      },
      "devDependencies": {
        "@types/bun": "latest",
      },
      "peerDependencies": {
        "typescript": "^5",
      },
    },
  },
  "packages": {
    "@thi.ng/api": ["@thi.ng/api@8.12.13", "", {}, "sha512-8fVUY7H7opluItnzMdBxhkHMTqY9KeTTy9ImngdfOL01q9OoNlX8Ug9tRI9pHeMwVjg4LD4h3N+o1fr1PvRXxg=="],

    "@thi.ng/checks": ["@thi.ng/checks@3.8.3", "", {}, "sha512-KmSplcgSTMLYrkUNpOxx6CGSL+MqNLwddrsNrmcR2+7I42xCoz30ReJqmMTdchVyCwihIVZ8CqgJUnw0YScFwQ=="],

    "@thi.ng/errors": ["@thi.ng/errors@2.6.2", "", {}, "sha512-YN89WmgOhAnK5/2gI9LckplmQCYld6adPUgjTo8DozgutAqF7zzYfuzFrCGztbT6zBwaCWUpPyQboiu+OtZIvA=="],

    "@thi.ng/hex": ["@thi.ng/hex@2.4.6", "", {}, "sha512-eH0Tm1AX85Uxp3oWQeth5OPNAYX0+siEJD8TfjMg49CxXxEEoVadFD4QVyB4yIv0g9PlM9am/y7djZ6db4x6BA=="],

    "@thi.ng/hiccup": ["@thi.ng/hiccup@5.3.36", "", { "dependencies": { "@thi.ng/api": "^8.12.13", "@thi.ng/checks": "^3.8.3", "@thi.ng/errors": "^2.6.2", "@thi.ng/strings": "^3.9.34" } }, "sha512-LDeQeVTcKzguMKfBgr6Cbs8XlNLSDhgBdOJD7675queoBOkCsQabTUvhT5YH47QNajUgGwlP2dq2vlO+EgpoTQ=="],

    "@thi.ng/memoize": ["@thi.ng/memoize@4.0.37", "", { "dependencies": { "@thi.ng/api": "^8.12.13" } }, "sha512-sJ1o4r7cN/zcgWWP838oHo+S6M9iLVd7IebB30v7D8ZkftrUve4gHp0sfOHBZaokbtUZ75Xz6dgiCislOOVXzg=="],

    "@thi.ng/strings": ["@thi.ng/strings@3.9.34", "", { "dependencies": { "@thi.ng/api": "^8.12.13", "@thi.ng/errors": "^2.6.2", "@thi.ng/hex": "^2.4.6", "@thi.ng/memoize": "^4.0.37" } }, "sha512-SAMrpbUXuHWVP9HCCK/+ymo6YgTg3VDJ1VhVh8G8D/47neV9PVGi6eHKCCrRF+SeYEvBFFdKU2tmn9FXqe4NkQ=="],

    "@types/bun": ["@types/bun@1.3.7", "", { "dependencies": { "bun-types": "1.3.7" } }, "sha512-lmNuMda+Z9b7tmhA0tohwy8ZWFSnmQm1UDWXtH5r9F7wZCfkeO3Jx7wKQ1EOiKq43yHts7ky6r8SDJQWRNupkA=="],

    "@types/node": ["@types/node@25.1.0", "", { "dependencies": { "undici-types": "~7.16.0" } }, "sha512-t7frlewr6+cbx+9Ohpl0NOTKXZNV9xHRmNOvql47BFJKcEG1CxtxlPEEe+gR9uhVWM4DwhnvTF110mIL4yP9RA=="],

    "bun-types": ["bun-types@1.3.7", "", { "dependencies": { "@types/node": "*" } }, "sha512-qyschsA03Qz+gou+apt6HNl6HnI+sJJLL4wLDke4iugsE6584CMupOtTY1n+2YC9nGVrEKUlTs99jjRLKgWnjQ=="],

    "typescript": ["typescript@5.9.3", "", { "bin": { "tsc": "bin/tsc", "tsserver": "bin/tsserver" } }, "sha512-jl1vZzPDinLr9eUt3J/t7V6FgNEw9QjvBPdysz9KfQDD41fQrC2Y4vKQdiaUpFT4bXlb1RHhLpp8wtm6M5TgSw=="],

    "undici-types": ["undici-types@7.16.0", "", {}, "sha512-Zz+aZWSj8LE6zoxD+xrjh4VfkIG8Ya6LvYkZqtUQGJPZjYl53ypCaUwWqo7eI0x66KBGeRo+mlBEkMSeSZ38Nw=="],
  }
}
